
Microsoft Visual Studio Solution File, Format Version 12.00
# Visual Studio Version 17
VisualStudioVersion = 17.10.35013.160
MinimumVisualStudioVersion = 10.0.40219.1
Project("{9A19103F-16F7-4668-BE54-9A1E7A4F7556}") = "SchoolPilot.Host.SelfHost", "src\SchoolPilot.Host.SelfHost\SchoolPilot.Host.SelfHost.csproj", "{49F8BCB2-DB2A-44B6-8656-FC848CE6DC1A}"
EndProject
Project("{2150E333-8FDC-42A3-9474-1A3956D46DE8}") = "src", "src", "{A2B44666-B482-439B-ADDF-861F3B999237}"
EndProject
Project("{2150E333-8FDC-42A3-9474-1A3956D46DE8}") = "Hosts", "Hosts", "{596A755B-7525-4B2B-AA6F-26F40AC9ED44}"
EndProject
Project("{2150E333-8FDC-42A3-9474-1A3956D46DE8}") = "Services", "Services", "{B3953FC0-9542-4243-9FF4-00ADF086956C}"
EndProject
Project("{9A19103F-16F7-4668-BE54-9A1E7A4F7556}") = "SchoolPilot.Api", "src\SchoolPilot.Api\SchoolPilot.Api.csproj", "{5FE64E32-E978-42EE-A91B-DFC0CBFD183C}"
EndProject
Project("{2150E333-8FDC-42A3-9474-1A3956D46DE8}") = "Shared", "Shared", "{136D6C0B-0E92-4F12-8091-112DB94D2A30}"
EndProject
Project("{9A19103F-16F7-4668-BE54-9A1E7A4F7556}") = "SchoolPilot.Data", "src\SchoolPilot.Data\SchoolPilot.Data.csproj", "{C378CB36-3DA3-4F5D-9177-A235EBE9B991}"
EndProject
Project("{9A19103F-16F7-4668-BE54-9A1E7A4F7556}") = "SchoolPilot.Common", "src\SchoolPilot.Common\SchoolPilot.Common.csproj", "{CE19FBFA-7539-4C83-8536-2C3C14D45E36}"
EndProject
Project("{9A19103F-16F7-4668-BE54-9A1E7A4F7556}") = "SchoolPilot.Business", "src\SchoolPilot.Business\SchoolPilot.Business.csproj", "{94ACFCBB-1256-4153-96B0-2C1096668A9E}"
EndProject
Project("{9A19103F-16F7-4668-BE54-9A1E7A4F7556}") = "SchoolPilot.Data.Postgres.Core", "src\SchoolPilot.Data.Postgres.Core\SchoolPilot.Data.Postgres.Core.csproj", "{925267D5-579B-46CE-ABAB-301F1389477E}"
EndProject
Project("{9A19103F-16F7-4668-BE54-9A1E7A4F7556}") = "SchoolPilot.Migration", "src\SchoolPilot.Migration\SchoolPilot.Migration.csproj", "{AA12FFC4-55A7-4AE4-A113-8D8EF0E331FB}"
EndProject
Project("{2150E333-8FDC-42A3-9474-1A3956D46DE8}") = "Tools", "Tools", "{3516CA2B-87A7-4E2C-A8BB-14C617A6B875}"
EndProject
Project("{9A19103F-16F7-4668-BE54-9A1E7A4F7556}") = "SchoolPilot.Export", "src\SchoolPilot.Export\SchoolPilot.Export.csproj", "{29E95408-F83A-438C-8B6D-465928E72093}"
EndProject
Project("{2150E333-8FDC-42A3-9474-1A3956D46DE8}") = "Components", "Components", "{34E358C8-4B23-4F2C-A282-96C7E47A63E3}"
EndProject
Project("{9A19103F-16F7-4668-BE54-9A1E7A4F7556}") = "SchoolPilot.Infrastructure", "src\SchoolPilot.Infrastructure\SchoolPilot.Infrastructure.csproj", "{81776613-91AA-4599-ACFB-404168718D53}"
EndProject
Project("{9A19103F-16F7-4668-BE54-9A1E7A4F7556}") = "SchoolPilot.Print", "src\SchoolPilot.Print\SchoolPilot.Print.csproj", "{74381510-3CE4-40CE-8043-9D97E6A6FBC5}"
EndProject
Project("{9A19103F-16F7-4668-BE54-9A1E7A4F7556}") = "SchoolPilot.Host", "src\SchoolPilot.Host\SchoolPilot.Host.csproj", "{949B6F1D-B35B-467F-9E0F-06C7AEEE689D}"
EndProject
Project("{FAE04EC0-301F-11D3-BF4B-00C04F79EFBC}") = "SchoolPilot.Lookup.Data.Postgres.Core", "SchoolPilot.Lookup.Data.Postgres.Core\SchoolPilot.Lookup.Data.Postgres.Core.csproj", "{611D1530-A004-425B-BEB4-CCC301BC05A6}"
EndProject
Global
	GlobalSection(SolutionConfigurationPlatforms) = preSolution
		Debug|Any CPU = Debug|Any CPU
		Release|Any CPU = Release|Any CPU
	EndGlobalSection
	GlobalSection(ProjectConfigurationPlatforms) = postSolution
		{49F8BCB2-DB2A-44B6-8656-FC848CE6DC1A}.Debug|Any CPU.ActiveCfg = Debug|Any CPU
		{49F8BCB2-DB2A-44B6-8656-FC848CE6DC1A}.Debug|Any CPU.Build.0 = Debug|Any CPU
		{49F8BCB2-DB2A-44B6-8656-FC848CE6DC1A}.Release|Any CPU.ActiveCfg = Release|Any CPU
		{49F8BCB2-DB2A-44B6-8656-FC848CE6DC1A}.Release|Any CPU.Build.0 = Release|Any CPU
		{5FE64E32-E978-42EE-A91B-DFC0CBFD183C}.Debug|Any CPU.ActiveCfg = Debug|Any CPU
		{5FE64E32-E978-42EE-A91B-DFC0CBFD183C}.Debug|Any CPU.Build.0 = Debug|Any CPU
		{5FE64E32-E978-42EE-A91B-DFC0CBFD183C}.Release|Any CPU.ActiveCfg = Release|Any CPU
		{5FE64E32-E978-42EE-A91B-DFC0CBFD183C}.Release|Any CPU.Build.0 = Release|Any CPU
		{C378CB36-3DA3-4F5D-9177-A235EBE9B991}.Debug|Any CPU.ActiveCfg = Debug|Any CPU
		{C378CB36-3DA3-4F5D-9177-A235EBE9B991}.Debug|Any CPU.Build.0 = Debug|Any CPU
		{C378CB36-3DA3-4F5D-9177-A235EBE9B991}.Release|Any CPU.ActiveCfg = Release|Any CPU
		{C378CB36-3DA3-4F5D-9177-A235EBE9B991}.Release|Any CPU.Build.0 = Release|Any CPU
		{CE19FBFA-7539-4C83-8536-2C3C14D45E36}.Debug|Any CPU.ActiveCfg = Debug|Any CPU
		{CE19FBFA-7539-4C83-8536-2C3C14D45E36}.Debug|Any CPU.Build.0 = Debug|Any CPU
		{CE19FBFA-7539-4C83-8536-2C3C14D45E36}.Release|Any CPU.ActiveCfg = Release|Any CPU
		{CE19FBFA-7539-4C83-8536-2C3C14D45E36}.Release|Any CPU.Build.0 = Release|Any CPU
		{94ACFCBB-1256-4153-96B0-2C1096668A9E}.Debug|Any CPU.ActiveCfg = Debug|Any CPU
		{94ACFCBB-1256-4153-96B0-2C1096668A9E}.Debug|Any CPU.Build.0 = Debug|Any CPU
		{94ACFCBB-1256-4153-96B0-2C1096668A9E}.Release|Any CPU.ActiveCfg = Release|Any CPU
		{94ACFCBB-1256-4153-96B0-2C1096668A9E}.Release|Any CPU.Build.0 = Release|Any CPU
		{925267D5-579B-46CE-ABAB-301F1389477E}.Debug|Any CPU.ActiveCfg = Debug|Any CPU
		{925267D5-579B-46CE-ABAB-301F1389477E}.Debug|Any CPU.Build.0 = Debug|Any CPU
		{925267D5-579B-46CE-ABAB-301F1389477E}.Release|Any CPU.ActiveCfg = Release|Any CPU
		{925267D5-579B-46CE-ABAB-301F1389477E}.Release|Any CPU.Build.0 = Release|Any CPU
		{AA12FFC4-55A7-4AE4-A113-8D8EF0E331FB}.Debug|Any CPU.ActiveCfg = Debug|Any CPU
		{AA12FFC4-55A7-4AE4-A113-8D8EF0E331FB}.Debug|Any CPU.Build.0 = Debug|Any CPU
		{AA12FFC4-55A7-4AE4-A113-8D8EF0E331FB}.Release|Any CPU.ActiveCfg = Release|Any CPU
		{AA12FFC4-55A7-4AE4-A113-8D8EF0E331FB}.Release|Any CPU.Build.0 = Release|Any CPU
		{29E95408-F83A-438C-8B6D-465928E72093}.Debug|Any CPU.ActiveCfg = Debug|Any CPU
		{29E95408-F83A-438C-8B6D-465928E72093}.Debug|Any CPU.Build.0 = Debug|Any CPU
		{29E95408-F83A-438C-8B6D-465928E72093}.Release|Any CPU.ActiveCfg = Release|Any CPU
		{29E95408-F83A-438C-8B6D-465928E72093}.Release|Any CPU.Build.0 = Release|Any CPU
		{81776613-91AA-4599-ACFB-404168718D53}.Debug|Any CPU.ActiveCfg = Debug|Any CPU
		{81776613-91AA-4599-ACFB-404168718D53}.Debug|Any CPU.Build.0 = Debug|Any CPU
		{81776613-91AA-4599-ACFB-404168718D53}.Release|Any CPU.ActiveCfg = Release|Any CPU
		{81776613-91AA-4599-ACFB-404168718D53}.Release|Any CPU.Build.0 = Release|Any CPU
		{74381510-3CE4-40CE-8043-9D97E6A6FBC5}.Debug|Any CPU.ActiveCfg = Debug|Any CPU
		{74381510-3CE4-40CE-8043-9D97E6A6FBC5}.Debug|Any CPU.Build.0 = Debug|Any CPU
		{74381510-3CE4-40CE-8043-9D97E6A6FBC5}.Release|Any CPU.ActiveCfg = Release|Any CPU
		{74381510-3CE4-40CE-8043-9D97E6A6FBC5}.Release|Any CPU.Build.0 = Release|Any CPU
		{949B6F1D-B35B-467F-9E0F-06C7AEEE689D}.Debug|Any CPU.ActiveCfg = Debug|Any CPU
		{949B6F1D-B35B-467F-9E0F-06C7AEEE689D}.Debug|Any CPU.Build.0 = Debug|Any CPU
		{949B6F1D-B35B-467F-9E0F-06C7AEEE689D}.Release|Any CPU.ActiveCfg = Release|Any CPU
		{949B6F1D-B35B-467F-9E0F-06C7AEEE689D}.Release|Any CPU.Build.0 = Release|Any CPU
		{611D1530-A004-425B-BEB4-CCC301BC05A6}.Debug|Any CPU.ActiveCfg = Debug|Any CPU
		{611D1530-A004-425B-BEB4-CCC301BC05A6}.Debug|Any CPU.Build.0 = Debug|Any CPU
		{611D1530-A004-425B-BEB4-CCC301BC05A6}.Release|Any CPU.ActiveCfg = Release|Any CPU
		{611D1530-A004-425B-BEB4-CCC301BC05A6}.Release|Any CPU.Build.0 = Release|Any CPU
	EndGlobalSection
	GlobalSection(SolutionProperties) = preSolution
		HideSolutionNode = FALSE
	EndGlobalSection
	GlobalSection(NestedProjects) = preSolution
		{49F8BCB2-DB2A-44B6-8656-FC848CE6DC1A} = {596A755B-7525-4B2B-AA6F-26F40AC9ED44}
		{596A755B-7525-4B2B-AA6F-26F40AC9ED44} = {A2B44666-B482-439B-ADDF-861F3B999237}
		{B3953FC0-9542-4243-9FF4-00ADF086956C} = {A2B44666-B482-439B-ADDF-861F3B999237}
		{5FE64E32-E978-42EE-A91B-DFC0CBFD183C} = {B3953FC0-9542-4243-9FF4-00ADF086956C}
		{136D6C0B-0E92-4F12-8091-112DB94D2A30} = {A2B44666-B482-439B-ADDF-861F3B999237}
		{C378CB36-3DA3-4F5D-9177-A235EBE9B991} = {136D6C0B-0E92-4F12-8091-112DB94D2A30}
		{CE19FBFA-7539-4C83-8536-2C3C14D45E36} = {136D6C0B-0E92-4F12-8091-112DB94D2A30}
		{94ACFCBB-1256-4153-96B0-2C1096668A9E} = {136D6C0B-0E92-4F12-8091-112DB94D2A30}
		{925267D5-579B-46CE-ABAB-301F1389477E} = {136D6C0B-0E92-4F12-8091-112DB94D2A30}
		{AA12FFC4-55A7-4AE4-A113-8D8EF0E331FB} = {136D6C0B-0E92-4F12-8091-112DB94D2A30}
		{3516CA2B-87A7-4E2C-A8BB-14C617A6B875} = {A2B44666-B482-439B-ADDF-861F3B999237}
		{29E95408-F83A-438C-8B6D-465928E72093} = {3516CA2B-87A7-4E2C-A8BB-14C617A6B875}
		{34E358C8-4B23-4F2C-A282-96C7E47A63E3} = {A2B44666-B482-439B-ADDF-861F3B999237}
		{81776613-91AA-4599-ACFB-404168718D53} = {34E358C8-4B23-4F2C-A282-96C7E47A63E3}
		{74381510-3CE4-40CE-8043-9D97E6A6FBC5} = {34E358C8-4B23-4F2C-A282-96C7E47A63E3}
		{949B6F1D-B35B-467F-9E0F-06C7AEEE689D} = {596A755B-7525-4B2B-AA6F-26F40AC9ED44}
		{611D1530-A004-425B-BEB4-CCC301BC05A6} = {136D6C0B-0E92-4F12-8091-112DB94D2A30}
	EndGlobalSection
	GlobalSection(ExtensibilityGlobals) = postSolution
		SolutionGuid = {14331519-887A-4A64-8EF9-1974DD990FFA}
	EndGlobalSection
EndGlobal
